
Microsoft Visual Studio Solution File, Format Version 12.00
# Visual Studio Version 17
VisualStudioVersion = 17.3.32819.101
MinimumVisualStudioVersion = 10.0.40219.1
Project("{9A19103F-16F7-4668-BE54-9A1E7A4F7556}") = "MaxGain", "MaxGain\MaxGain.csproj", "{6088FFF9-5FE1-424C-8F37-C29A76532C54}"
EndProject
Project("{FAE04EC0-301F-11D3-BF4B-00C04F79EFBC}") = "MaxGain.Core", "MaxGain.Core\MaxGain.Core.csproj", "{3EDA1C04-AE90-4DC3-B403-F86B5847C658}"
EndProject
Project("{FAE04EC0-301F-11D3-BF4B-00C04F79EFBC}") = "MaxGain.Infrastructure", "MaxGain.Infrastructure\MaxGain.Infrastructure.csproj", "{CCFB938B-7FFA-4C68-AEF9-604D2EF335E1}"
EndProject
Global
	GlobalSection(SolutionConfigurationPlatforms) = preSolution
		Debug|Any CPU = Debug|Any CPU
		Release|Any CPU = Release|Any CPU
	EndGlobalSection
	GlobalSection(ProjectConfigurationPlatforms) = postSolution
		{6088FFF9-5FE1-424C-8F37-C29A76532C54}.Debug|Any CPU.ActiveCfg = Debug|Any CPU
		{6088FFF9-5FE1-424C-8F37-C29A76532C54}.Debug|Any CPU.Build.0 = Debug|Any CPU
		{6088FFF9-5FE1-424C-8F37-C29A76532C54}.Release|Any CPU.ActiveCfg = Release|Any CPU
		{6088FFF9-5FE1-424C-8F37-C29A76532C54}.Release|Any CPU.Build.0 = Release|Any CPU
		{3EDA1C04-AE90-4DC3-B403-F86B5847C658}.Debug|Any CPU.ActiveCfg = Debug|Any CPU
		{3EDA1C04-AE90-4DC3-B403-F86B5847C658}.Debug|Any CPU.Build.0 = Debug|Any CPU
		{3EDA1C04-AE90-4DC3-B403-F86B5847C658}.Release|Any CPU.ActiveCfg = Release|Any CPU
		{3EDA1C04-AE90-4DC3-B403-F86B5847C658}.Release|Any CPU.Build.0 = Release|Any CPU
		{CCFB938B-7FFA-4C68-AEF9-604D2EF335E1}.Debug|Any CPU.ActiveCfg = Debug|Any CPU
		{CCFB938B-7FFA-4C68-AEF9-604D2EF335E1}.Debug|Any CPU.Build.0 = Debug|Any CPU
		{CCFB938B-7FFA-4C68-AEF9-604D2EF335E1}.Release|Any CPU.ActiveCfg = Release|Any CPU
		{CCFB938B-7FFA-4C68-AEF9-604D2EF335E1}.Release|Any CPU.Build.0 = Release|Any CPU
	EndGlobalSection
	GlobalSection(SolutionProperties) = preSolution
		HideSolutionNode = FALSE
	EndGlobalSection
	GlobalSection(ExtensibilityGlobals) = postSolution
		SolutionGuid = {E7999955-D4DC-472F-A678-9356DF2A64EE}
	EndGlobalSection
EndGlobal
